core:changelogs:
  - content: "---\npackages:\n  capsuledb:\n    type: minor\n---\n\n### Stable Effect 4\n\n**Breaking:** CapsuleDB now requires stable Effect 4 (`>=4.0.0 <5`) and stable Effect SQL\ndrivers with the same version range. Update your application's Effect and SQL\ndriver dependencies together before upgrading; Effect 4 release candidates are\nno longer supported. SQL imports use `effect/sql/*` and CLI imports use\n`effect/cli`.\n\nThe optional `capsuledb/alchemy` integration now requires Alchemy\n`>=2.0.0-beta.80 <3` and `@effect/sql-pg` `>=4.0.0 <5`. Alchemy beta80 supports\nstable Effect module paths, so deploy-time PostgreSQL registry preparation works\nwith the stable dependencies. CapsuleDB's public entrypoints remain available.\n"
    filename: stable-effect-v4.md
    v: 0.0.0
core:packages:
  - changelogIds:
      - stable-effect-v4.md
    id: npm:capsuledb
    updated: true
npm:packages:
  - id: npm:capsuledb
