core:changelogs:
  - content: "---\npackages:\n  capsuledb:\n    type: minor\n---\n\n### Effect 4.0.0-rc.117\n\nCapsuleDB builds against Effect `4.0.0-rc.117`, and the `effect`, `@effect/sql-libsql`, and\n`@effect/sql-sqlite-bun` peer ranges are now `>=4.0.0-rc.117 <5`. Effect renamed the CLI flag\nconstructors to `Flag.Boolean` and `Flag.String`, and `0.2.0`'s `capsuledb` bin calls the old\nlowercase names at import, so every subcommand crashes under Effect `rc.113` or newer. A host on a\nnewer Effect needs this release, and a host on an older one upgrades Effect with it.\n"
    filename: effect-rc117.md
    v: 0.0.0
core:packages:
  - changelogIds:
      - effect-rc117.md
    id: npm:capsuledb
    updated: true
npm:packages:
  - id: npm:capsuledb
